
Microsoft Visual Studio Solution File, Format Version 12.00
# Visual Studio Version 16
VisualStudioVersion = 16.0.28803.352
MinimumVisualStudioVersion = 10.0.40219.1
Project("{9A19103F-16F7-4668-BE54-9A1E7A4F7556}") = "NFeXML.ParseToClass.Standard", "NFeXML.ParseToClass.Standard\NFeXML.ParseToClass.Standard.csproj", "{353C3C99-8AF8-4541-944E-AA9553A2F068}"
EndProject
Project("{FAE04EC0-301F-11D3-BF4B-00C04F79EFBC}") = "NFe.XML.ParseToClass.Tests.Core", "NFe.XML.ParseToClass.Tests.Core\NFe.XML.ParseToClass.Tests.Core.csproj", "{F37B7680-D66E-4D98-BC08-C0A9FD6F2AE4}"
EndProject
Global
	GlobalSection(SolutionConfigurationPlatforms) = preSolution
		Debug|Any CPU = Debug|Any CPU
		Release|Any CPU = Release|Any CPU
	EndGlobalSection
	GlobalSection(ProjectConfigurationPlatforms) = postSolution
		{353C3C99-8AF8-4541-944E-AA9553A2F068}.Debug|Any CPU.ActiveCfg = Debug|Any CPU
		{353C3C99-8AF8-4541-944E-AA9553A2F068}.Debug|Any CPU.Build.0 = Debug|Any CPU
		{353C3C99-8AF8-4541-944E-AA9553A2F068}.Release|Any CPU.ActiveCfg = Release|Any CPU
		{353C3C99-8AF8-4541-944E-AA9553A2F068}.Release|Any CPU.Build.0 = Release|Any CPU
		{F37B7680-D66E-4D98-BC08-C0A9FD6F2AE4}.Debug|Any CPU.ActiveCfg = Debug|Any CPU
		{F37B7680-D66E-4D98-BC08-C0A9FD6F2AE4}.Debug|Any CPU.Build.0 = Debug|Any CPU
		{F37B7680-D66E-4D98-BC08-C0A9FD6F2AE4}.Release|Any CPU.ActiveCfg = Release|Any CPU
		{F37B7680-D66E-4D98-BC08-C0A9FD6F2AE4}.Release|Any CPU.Build.0 = Release|Any CPU
	EndGlobalSection
	GlobalSection(SolutionProperties) = preSolution
		HideSolutionNode = FALSE
	EndGlobalSection
	GlobalSection(ExtensibilityGlobals) = postSolution
		SolutionGuid = {5A6CE9A0-E596-4CFC-9609-1112C7DCFD07}
	EndGlobalSection
EndGlobal
