
Microsoft Visual Studio Solution File, Format Version 12.00
# Visual Studio Version 16
VisualStudioVersion = 16.0.28803.352
MinimumVisualStudioVersion = 10.0.40219.1
Project("{FAE04EC0-301F-11D3-BF4B-00C04F79EFBC}") = "NFe.XML.ParseToClass.Testes", "NFe.XML.ParseToClass.Testes\NFe.XML.ParseToClass.Testes.csproj", "{967FA49B-8050-43CA-860B-5B9CF843F595}"
EndProject
Project("{FAE04EC0-301F-11D3-BF4B-00C04F79EFBC}") = "NFeXML.ParseToClass", "NFe.XML.ParseToClass\NFeXML.ParseToClass.csproj", "{C8AA6114-0E1E-46AF-BB23-5818B8483C4F}"
EndProject
Global
	GlobalSection(SolutionConfigurationPlatforms) = preSolution
		Debug|Any CPU = Debug|Any CPU
		Release|Any CPU = Release|Any CPU
	EndGlobalSection
	GlobalSection(ProjectConfigurationPlatforms) = postSolution
		{967FA49B-8050-43CA-860B-5B9CF843F595}.Debug|Any CPU.ActiveCfg = Debug|Any CPU
		{967FA49B-8050-43CA-860B-5B9CF843F595}.Debug|Any CPU.Build.0 = Debug|Any CPU
		{967FA49B-8050-43CA-860B-5B9CF843F595}.Release|Any CPU.ActiveCfg = Release|Any CPU
		{967FA49B-8050-43CA-860B-5B9CF843F595}.Release|Any CPU.Build.0 = Release|Any CPU
		{C8AA6114-0E1E-46AF-BB23-5818B8483C4F}.Debug|Any CPU.ActiveCfg = Debug|Any CPU
		{C8AA6114-0E1E-46AF-BB23-5818B8483C4F}.Debug|Any CPU.Build.0 = Debug|Any CPU
		{C8AA6114-0E1E-46AF-BB23-5818B8483C4F}.Release|Any CPU.ActiveCfg = Release|Any CPU
		{C8AA6114-0E1E-46AF-BB23-5818B8483C4F}.Release|Any CPU.Build.0 = Release|Any CPU
	EndGlobalSection
	GlobalSection(SolutionProperties) = preSolution
		HideSolutionNode = FALSE
	EndGlobalSection
	GlobalSection(ExtensibilityGlobals) = postSolution
		SolutionGuid = {5A6CE9A0-E596-4CFC-9609-1112C7DCFD07}
	EndGlobalSection
EndGlobal
